
Microsoft Visual Studio Solution File, Format Version 11.00
# Visual Studio 2010
Project("{FAE04EC0-301F-11D3-BF4B-00C04F79EFBC}") = "Tests", "Tests\Tests.csproj", "{C9DF4B7E-9D94-469E-A947-3E94DFB525C4}"
	ProjectSection(ProjectDependencies) = postProject
		{E9DC3917-211E-40F8-8C26-8C1FB755CDCF} = {E9DC3917-211E-40F8-8C26-8C1FB755CDCF}
		{B5B9893A-29D5-491B-AFB0-A4FBE967BC3F} = {B5B9893A-29D5-491B-AFB0-A4FBE967BC3F}
		{86F2D761-9FD5-42DF-A700-DAC6DA19DE29} = {86F2D761-9FD5-42DF-A700-DAC6DA19DE29}
		{6EDB468B-BE26-4F6B-8E62-57B6C29FF29A} = {6EDB468B-BE26-4F6B-8E62-57B6C29FF29A}
		{9F0D9199-1D60-4CD1-BA94-4192BB696D7E} = {9F0D9199-1D60-4CD1-BA94-4192BB696D7E}
		{CA6969FD-D1EF-40F3-89FB-70BA8C3A31AE} = {CA6969FD-D1EF-40F3-89FB-70BA8C3A31AE}
	EndProjectSection
EndProject
Project("{FAE04EC0-301F-11D3-BF4B-00C04F79EFBC}") = "IDisposer.Core", "IDisposer.Core\IDisposer.Core.csproj", "{A566F37E-6B73-45D5-9BCA-E7A4F664A269}"
EndProject
Project("{2150E333-8FDC-42A3-9474-1A3956D46DE8}") = "lib", "lib", "{9A6B4EBB-1476-4EBC-B45F-44FBE791D50D}"
EndProject
Project("{FAE04EC0-301F-11D3-BF4B-00C04F79EFBC}") = "Mono.Cecil", "lib\mono\cecil\Mono.Cecil.csproj", "{D68133BD-1E63-496E-9EDE-4FBDBF77B486}"
EndProject
Project("{2150E333-8FDC-42A3-9474-1A3956D46DE8}") = "test-programs", "test-programs", "{531F4965-6F23-44C3-B48F-C8AEFF9EFD1D}"
EndProject
Project("{FAE04EC0-301F-11D3-BF4B-00C04F79EFBC}") = "IDisposer", "IDisposer\IDisposer.csproj", "{93C36792-9121-4A9F-84AF-7BED58B6F027}"
EndProject
Project("{FAE04EC0-301F-11D3-BF4B-00C04F79EFBC}") = "Leaker1", "test-programs\Leaker1\Leaker1.csproj", "{E9DC3917-211E-40F8-8C26-8C1FB755CDCF}"
EndProject
Project("{FAE04EC0-301F-11D3-BF4B-00C04F79EFBC}") = "Leaker2", "test-programs\Leaker2\Leaker2.csproj", "{CA6969FD-D1EF-40F3-89FB-70BA8C3A31AE}"
EndProject
Project("{FAE04EC0-301F-11D3-BF4B-00C04F79EFBC}") = "NonLeaking", "test-programs\NonLeaking\NonLeaking.csproj", "{6EDB468B-BE26-4F6B-8E62-57B6C29FF29A}"
EndProject
Project("{FAE04EC0-301F-11D3-BF4B-00C04F79EFBC}") = "Mono.Cecil.Pdb", "lib\mono\cecil\symbols\pdb\Mono.Cecil.Pdb.csproj", "{63E6915C-7EA4-4D76-AB28-0D7191EEA626}"
EndProject
Project("{FAE04EC0-301F-11D3-BF4B-00C04F79EFBC}") = "StrongNamedLeaker", "test-programs\StrongNamedLeaker\StrongNamedLeaker.csproj", "{86F2D761-9FD5-42DF-A700-DAC6DA19DE29}"
EndProject
Project("{FAE04EC0-301F-11D3-BF4B-00C04F79EFBC}") = "DotNet2Leaker", "test-programs\DotNet2Leaker\DotNet2Leaker.csproj", "{9F0D9199-1D60-4CD1-BA94-4192BB696D7E}"
EndProject
Project("{FAE04EC0-301F-11D3-BF4B-00C04F79EFBC}") = "DotNet4Leaker", "test-programs\DotNet4Leaker\DotNet4Leaker.csproj", "{B5B9893A-29D5-491B-AFB0-A4FBE967BC3F}"
EndProject
Project("{FAE04EC0-301F-11D3-BF4B-00C04F79EFBC}") = "IDisposer.Logger", "IDisposer.Logger\IDisposer.Logger.csproj", "{9DDF01F5-D745-42F0-ACFD-F15CDE5F7F90}"
EndProject
Global
	GlobalSection(SolutionConfigurationPlatforms) = preSolution
		Debug|Any CPU = Debug|Any CPU
		Release|Any CPU = Release|Any CPU
	EndGlobalSection
	GlobalSection(ProjectConfigurationPlatforms) = postSolution
		{C9DF4B7E-9D94-469E-A947-3E94DFB525C4}.Debug|Any CPU.ActiveCfg = Debug|Any CPU
		{C9DF4B7E-9D94-469E-A947-3E94DFB525C4}.Debug|Any CPU.Build.0 = Debug|Any CPU
		{C9DF4B7E-9D94-469E-A947-3E94DFB525C4}.Release|Any CPU.ActiveCfg = Release|Any CPU
		{C9DF4B7E-9D94-469E-A947-3E94DFB525C4}.Release|Any CPU.Build.0 = Release|Any CPU
		{A566F37E-6B73-45D5-9BCA-E7A4F664A269}.Debug|Any CPU.ActiveCfg = Debug|Any CPU
		{A566F37E-6B73-45D5-9BCA-E7A4F664A269}.Debug|Any CPU.Build.0 = Debug|Any CPU
		{A566F37E-6B73-45D5-9BCA-E7A4F664A269}.Release|Any CPU.ActiveCfg = Release|Any CPU
		{A566F37E-6B73-45D5-9BCA-E7A4F664A269}.Release|Any CPU.Build.0 = Release|Any CPU
		{D68133BD-1E63-496E-9EDE-4FBDBF77B486}.Debug|Any CPU.ActiveCfg = net_3_5_Debug|Any CPU
		{D68133BD-1E63-496E-9EDE-4FBDBF77B486}.Debug|Any CPU.Build.0 = net_3_5_Debug|Any CPU
		{D68133BD-1E63-496E-9EDE-4FBDBF77B486}.Release|Any CPU.ActiveCfg = net_3_5_Release|Any CPU
		{D68133BD-1E63-496E-9EDE-4FBDBF77B486}.Release|Any CPU.Build.0 = net_3_5_Release|Any CPU
		{93C36792-9121-4A9F-84AF-7BED58B6F027}.Debug|Any CPU.ActiveCfg = Debug|Any CPU
		{93C36792-9121-4A9F-84AF-7BED58B6F027}.Debug|Any CPU.Build.0 = Debug|Any CPU
		{93C36792-9121-4A9F-84AF-7BED58B6F027}.Release|Any CPU.ActiveCfg = Release|Any CPU
		{93C36792-9121-4A9F-84AF-7BED58B6F027}.Release|Any CPU.Build.0 = Release|Any CPU
		{E9DC3917-211E-40F8-8C26-8C1FB755CDCF}.Debug|Any CPU.ActiveCfg = Debug|Any CPU
		{E9DC3917-211E-40F8-8C26-8C1FB755CDCF}.Debug|Any CPU.Build.0 = Debug|Any CPU
		{E9DC3917-211E-40F8-8C26-8C1FB755CDCF}.Release|Any CPU.ActiveCfg = Release|Any CPU
		{E9DC3917-211E-40F8-8C26-8C1FB755CDCF}.Release|Any CPU.Build.0 = Release|Any CPU
		{CA6969FD-D1EF-40F3-89FB-70BA8C3A31AE}.Debug|Any CPU.ActiveCfg = Debug|Any CPU
		{CA6969FD-D1EF-40F3-89FB-70BA8C3A31AE}.Debug|Any CPU.Build.0 = Debug|Any CPU
		{CA6969FD-D1EF-40F3-89FB-70BA8C3A31AE}.Release|Any CPU.ActiveCfg = Release|Any CPU
		{CA6969FD-D1EF-40F3-89FB-70BA8C3A31AE}.Release|Any CPU.Build.0 = Release|Any CPU
		{6EDB468B-BE26-4F6B-8E62-57B6C29FF29A}.Debug|Any CPU.ActiveCfg = Debug|Any CPU
		{6EDB468B-BE26-4F6B-8E62-57B6C29FF29A}.Debug|Any CPU.Build.0 = Debug|Any CPU
		{6EDB468B-BE26-4F6B-8E62-57B6C29FF29A}.Release|Any CPU.ActiveCfg = Release|Any CPU
		{6EDB468B-BE26-4F6B-8E62-57B6C29FF29A}.Release|Any CPU.Build.0 = Release|Any CPU
		{63E6915C-7EA4-4D76-AB28-0D7191EEA626}.Debug|Any CPU.ActiveCfg = net_3_5_Debug|Any CPU
		{63E6915C-7EA4-4D76-AB28-0D7191EEA626}.Debug|Any CPU.Build.0 = net_3_5_Debug|Any CPU
		{63E6915C-7EA4-4D76-AB28-0D7191EEA626}.Release|Any CPU.ActiveCfg = net_3_5_Release|Any CPU
		{63E6915C-7EA4-4D76-AB28-0D7191EEA626}.Release|Any CPU.Build.0 = net_3_5_Release|Any CPU
		{86F2D761-9FD5-42DF-A700-DAC6DA19DE29}.Debug|Any CPU.ActiveCfg = Debug|Any CPU
		{86F2D761-9FD5-42DF-A700-DAC6DA19DE29}.Debug|Any CPU.Build.0 = Debug|Any CPU
		{86F2D761-9FD5-42DF-A700-DAC6DA19DE29}.Release|Any CPU.ActiveCfg = Release|Any CPU
		{86F2D761-9FD5-42DF-A700-DAC6DA19DE29}.Release|Any CPU.Build.0 = Release|Any CPU
		{9F0D9199-1D60-4CD1-BA94-4192BB696D7E}.Debug|Any CPU.ActiveCfg = Debug|Any CPU
		{9F0D9199-1D60-4CD1-BA94-4192BB696D7E}.Debug|Any CPU.Build.0 = Debug|Any CPU
		{9F0D9199-1D60-4CD1-BA94-4192BB696D7E}.Release|Any CPU.ActiveCfg = Release|Any CPU
		{9F0D9199-1D60-4CD1-BA94-4192BB696D7E}.Release|Any CPU.Build.0 = Release|Any CPU
		{B5B9893A-29D5-491B-AFB0-A4FBE967BC3F}.Debug|Any CPU.ActiveCfg = Debug|Any CPU
		{B5B9893A-29D5-491B-AFB0-A4FBE967BC3F}.Debug|Any CPU.Build.0 = Debug|Any CPU
		{B5B9893A-29D5-491B-AFB0-A4FBE967BC3F}.Release|Any CPU.ActiveCfg = Release|Any CPU
		{B5B9893A-29D5-491B-AFB0-A4FBE967BC3F}.Release|Any CPU.Build.0 = Release|Any CPU
		{9DDF01F5-D745-42F0-ACFD-F15CDE5F7F90}.Debug|Any CPU.ActiveCfg = Debug|Any CPU
		{9DDF01F5-D745-42F0-ACFD-F15CDE5F7F90}.Debug|Any CPU.Build.0 = Debug|Any CPU
		{9DDF01F5-D745-42F0-ACFD-F15CDE5F7F90}.Release|Any CPU.ActiveCfg = Release|Any CPU
		{9DDF01F5-D745-42F0-ACFD-F15CDE5F7F90}.Release|Any CPU.Build.0 = Release|Any CPU
	EndGlobalSection
	GlobalSection(SolutionProperties) = preSolution
		HideSolutionNode = FALSE
	EndGlobalSection
	GlobalSection(NestedProjects) = preSolution
		{D68133BD-1E63-496E-9EDE-4FBDBF77B486} = {9A6B4EBB-1476-4EBC-B45F-44FBE791D50D}
		{63E6915C-7EA4-4D76-AB28-0D7191EEA626} = {9A6B4EBB-1476-4EBC-B45F-44FBE791D50D}
		{E9DC3917-211E-40F8-8C26-8C1FB755CDCF} = {531F4965-6F23-44C3-B48F-C8AEFF9EFD1D}
		{CA6969FD-D1EF-40F3-89FB-70BA8C3A31AE} = {531F4965-6F23-44C3-B48F-C8AEFF9EFD1D}
		{6EDB468B-BE26-4F6B-8E62-57B6C29FF29A} = {531F4965-6F23-44C3-B48F-C8AEFF9EFD1D}
		{86F2D761-9FD5-42DF-A700-DAC6DA19DE29} = {531F4965-6F23-44C3-B48F-C8AEFF9EFD1D}
		{9F0D9199-1D60-4CD1-BA94-4192BB696D7E} = {531F4965-6F23-44C3-B48F-C8AEFF9EFD1D}
		{B5B9893A-29D5-491B-AFB0-A4FBE967BC3F} = {531F4965-6F23-44C3-B48F-C8AEFF9EFD1D}
	EndGlobalSection
EndGlobal
